
Microsoft Visual Studio Solution File, Format Version 12.00
# Visual Studio 14
VisualStudioVersion = 14.0.25420.1
MinimumVisualStudioVersion = 10.0.40219.1
Project("{2150E333-8FDC-42A3-9474-1A3956D46DE8}") = "04 Infrastructure", "04 Infrastructure", "{01F8F09B-CDE7-4D76-9681-33D4762B9166}"
EndProject
Project("{2150E333-8FDC-42A3-9474-1A3956D46DE8}") = "03 Domain", "03 Domain", "{C10E01AD-F4D1-4135-8803-D0946346BB86}"
EndProject
Project("{2150E333-8FDC-42A3-9474-1A3956D46DE8}") = "02 Application", "02 Application", "{30609E24-BF23-43A0-8A68-651468F1E062}"
EndProject
Project("{2150E333-8FDC-42A3-9474-1A3956D46DE8}") = "01 Presentation", "01 Presentation", "{337CC79B-F37A-4DFE-BE08-D91331A44241}"
EndProject
Project("{2150E333-8FDC-42A3-9474-1A3956D46DE8}") = "05 Vendor", "05 Vendor", "{2E861E80-556A-4497-9AB8-2E9A269FB4BD}"
EndProject
Project("{FAE04EC0-301F-11D3-BF4B-00C04F79EFBC}") = "Tdf.Act.Domain", "Tdf.Act.Domain\Tdf.Act.Domain.csproj", "{CF4F5DD7-FF2E-4ECD-BCAB-C3D6B34B0FFE}"
EndProject
Project("{FAE04EC0-301F-11D3-BF4B-00C04F79EFBC}") = "Tdf.Act.EntityFramework", "Tdf.Act.EntityFramework\Tdf.Act.EntityFramework.csproj", "{3AB766F8-A4F6-4143-AA36-815F745411D9}"
EndProject
Project("{FAE04EC0-301F-11D3-BF4B-00C04F79EFBC}") = "Tdf.Act.Test", "Tdf.Act.Test\Tdf.Act.Test.csproj", "{5ED88823-0EB1-4673-B5CB-FD80F4EE6628}"
EndProject
Project("{FAE04EC0-301F-11D3-BF4B-00C04F79EFBC}") = "Tdf", "Tdf\Tdf.csproj", "{C52DCD2D-753D-4C2D-B30C-45D5C0E87E57}"
EndProject
Project("{FAE04EC0-301F-11D3-BF4B-00C04F79EFBC}") = "Tdf.Act.Application", "Tdf.Act.Application\Tdf.Act.Application.csproj", "{1EFADDC6-3DA4-4E86-B362-6DBD70215666}"
EndProject
Project("{FAE04EC0-301F-11D3-BF4B-00C04F79EFBC}") = "Tdf.Nhb", "Tdf.Nhb\Tdf.Nhb.csproj", "{92040625-6942-4E7A-8A3E-E62854FB58A2}"
EndProject
Project("{FAE04EC0-301F-11D3-BF4B-00C04F79EFBC}") = "Tdf.Act.SqlSugar", "Tdf.Act.SqlSugar\Tdf.Act.SqlSugar.csproj", "{42464D7C-D33E-4017-98EE-5159A74E8FC6}"
EndProject
Project("{FAE04EC0-301F-11D3-BF4B-00C04F79EFBC}") = "Tdf.Act.DapperLambda", "Tdf.Act.DapperLambda\Tdf.Act.DapperLambda.csproj", "{A1F006F8-AFBB-4C6B-99CF-EB28A7A9B5CF}"
EndProject
Project("{FAE04EC0-301F-11D3-BF4B-00C04F79EFBC}") = "Tdf.Act.WebApi", "Tdf.Act.WebApi\Tdf.Act.WebApi.csproj", "{8386D881-4D2B-4E8F-9CAC-0E9387436FAF}"
EndProject
Project("{FAE04EC0-301F-11D3-BF4B-00C04F79EFBC}") = "Tdf.Act.Web", "Tdf.Act.Web\Tdf.Act.Web.csproj", "{FD35466C-36E7-47F4-A907-670AC4A4642E}"
EndProject
Project("{FAE04EC0-301F-11D3-BF4B-00C04F79EFBC}") = "Tdf.OAuthClientTest", "Tdf.OAuthClientTest\Tdf.OAuthClientTest.csproj", "{26841E2E-DA67-401B-B057-35011E29D51D}"
EndProject
Global
	GlobalSection(SolutionConfigurationPlatforms) = preSolution
		Debug|Any CPU = Debug|Any CPU
		Release|Any CPU = Release|Any CPU
	EndGlobalSection
	GlobalSection(ProjectConfigurationPlatforms) = postSolution
		{CF4F5DD7-FF2E-4ECD-BCAB-C3D6B34B0FFE}.Debug|Any CPU.ActiveCfg = Debug|Any CPU
		{CF4F5DD7-FF2E-4ECD-BCAB-C3D6B34B0FFE}.Debug|Any CPU.Build.0 = Debug|Any CPU
		{CF4F5DD7-FF2E-4ECD-BCAB-C3D6B34B0FFE}.Release|Any CPU.ActiveCfg = Release|Any CPU
		{CF4F5DD7-FF2E-4ECD-BCAB-C3D6B34B0FFE}.Release|Any CPU.Build.0 = Release|Any CPU
		{3AB766F8-A4F6-4143-AA36-815F745411D9}.Debug|Any CPU.ActiveCfg = Debug|Any CPU
		{3AB766F8-A4F6-4143-AA36-815F745411D9}.Debug|Any CPU.Build.0 = Debug|Any CPU
		{3AB766F8-A4F6-4143-AA36-815F745411D9}.Release|Any CPU.ActiveCfg = Release|Any CPU
		{3AB766F8-A4F6-4143-AA36-815F745411D9}.Release|Any CPU.Build.0 = Release|Any CPU
		{5ED88823-0EB1-4673-B5CB-FD80F4EE6628}.Debug|Any CPU.ActiveCfg = Debug|Any CPU
		{5ED88823-0EB1-4673-B5CB-FD80F4EE6628}.Debug|Any CPU.Build.0 = Debug|Any CPU
		{5ED88823-0EB1-4673-B5CB-FD80F4EE6628}.Release|Any CPU.ActiveCfg = Release|Any CPU
		{5ED88823-0EB1-4673-B5CB-FD80F4EE6628}.Release|Any CPU.Build.0 = Release|Any CPU
		{C52DCD2D-753D-4C2D-B30C-45D5C0E87E57}.Debug|Any CPU.ActiveCfg = Debug|Any CPU
		{C52DCD2D-753D-4C2D-B30C-45D5C0E87E57}.Debug|Any CPU.Build.0 = Debug|Any CPU
		{C52DCD2D-753D-4C2D-B30C-45D5C0E87E57}.Release|Any CPU.ActiveCfg = Release|Any CPU
		{C52DCD2D-753D-4C2D-B30C-45D5C0E87E57}.Release|Any CPU.Build.0 = Release|Any CPU
		{1EFADDC6-3DA4-4E86-B362-6DBD70215666}.Debug|Any CPU.ActiveCfg = Debug|Any CPU
		{1EFADDC6-3DA4-4E86-B362-6DBD70215666}.Debug|Any CPU.Build.0 = Debug|Any CPU
		{1EFADDC6-3DA4-4E86-B362-6DBD70215666}.Release|Any CPU.ActiveCfg = Release|Any CPU
		{1EFADDC6-3DA4-4E86-B362-6DBD70215666}.Release|Any CPU.Build.0 = Release|Any CPU
		{92040625-6942-4E7A-8A3E-E62854FB58A2}.Debug|Any CPU.ActiveCfg = Debug|Any CPU
		{92040625-6942-4E7A-8A3E-E62854FB58A2}.Debug|Any CPU.Build.0 = Debug|Any CPU
		{92040625-6942-4E7A-8A3E-E62854FB58A2}.Release|Any CPU.ActiveCfg = Release|Any CPU
		{92040625-6942-4E7A-8A3E-E62854FB58A2}.Release|Any CPU.Build.0 = Release|Any CPU
		{42464D7C-D33E-4017-98EE-5159A74E8FC6}.Debug|Any CPU.ActiveCfg = Debug|Any CPU
		{42464D7C-D33E-4017-98EE-5159A74E8FC6}.Debug|Any CPU.Build.0 = Debug|Any CPU
		{42464D7C-D33E-4017-98EE-5159A74E8FC6}.Release|Any CPU.ActiveCfg = Release|Any CPU
		{42464D7C-D33E-4017-98EE-5159A74E8FC6}.Release|Any CPU.Build.0 = Release|Any CPU
		{A1F006F8-AFBB-4C6B-99CF-EB28A7A9B5CF}.Debug|Any CPU.ActiveCfg = Debug|Any CPU
		{A1F006F8-AFBB-4C6B-99CF-EB28A7A9B5CF}.Debug|Any CPU.Build.0 = Debug|Any CPU
		{A1F006F8-AFBB-4C6B-99CF-EB28A7A9B5CF}.Release|Any CPU.ActiveCfg = Release|Any CPU
		{A1F006F8-AFBB-4C6B-99CF-EB28A7A9B5CF}.Release|Any CPU.Build.0 = Release|Any CPU
		{8386D881-4D2B-4E8F-9CAC-0E9387436FAF}.Debug|Any CPU.ActiveCfg = Debug|Any CPU
		{8386D881-4D2B-4E8F-9CAC-0E9387436FAF}.Debug|Any CPU.Build.0 = Debug|Any CPU
		{8386D881-4D2B-4E8F-9CAC-0E9387436FAF}.Release|Any CPU.ActiveCfg = Release|Any CPU
		{8386D881-4D2B-4E8F-9CAC-0E9387436FAF}.Release|Any CPU.Build.0 = Release|Any CPU
		{FD35466C-36E7-47F4-A907-670AC4A4642E}.Debug|Any CPU.ActiveCfg = Debug|Any CPU
		{FD35466C-36E7-47F4-A907-670AC4A4642E}.Debug|Any CPU.Build.0 = Debug|Any CPU
		{FD35466C-36E7-47F4-A907-670AC4A4642E}.Release|Any CPU.ActiveCfg = Release|Any CPU
		{FD35466C-36E7-47F4-A907-670AC4A4642E}.Release|Any CPU.Build.0 = Release|Any CPU
		{26841E2E-DA67-401B-B057-35011E29D51D}.Debug|Any CPU.ActiveCfg = Debug|Any CPU
		{26841E2E-DA67-401B-B057-35011E29D51D}.Debug|Any CPU.Build.0 = Debug|Any CPU
		{26841E2E-DA67-401B-B057-35011E29D51D}.Release|Any CPU.ActiveCfg = Release|Any CPU
		{26841E2E-DA67-401B-B057-35011E29D51D}.Release|Any CPU.Build.0 = Release|Any CPU
	EndGlobalSection
	GlobalSection(SolutionProperties) = preSolution
		HideSolutionNode = FALSE
	EndGlobalSection
	GlobalSection(NestedProjects) = preSolution
		{CF4F5DD7-FF2E-4ECD-BCAB-C3D6B34B0FFE} = {C10E01AD-F4D1-4135-8803-D0946346BB86}
		{3AB766F8-A4F6-4143-AA36-815F745411D9} = {01F8F09B-CDE7-4D76-9681-33D4762B9166}
		{5ED88823-0EB1-4673-B5CB-FD80F4EE6628} = {337CC79B-F37A-4DFE-BE08-D91331A44241}
		{C52DCD2D-753D-4C2D-B30C-45D5C0E87E57} = {2E861E80-556A-4497-9AB8-2E9A269FB4BD}
		{1EFADDC6-3DA4-4E86-B362-6DBD70215666} = {30609E24-BF23-43A0-8A68-651468F1E062}
		{92040625-6942-4E7A-8A3E-E62854FB58A2} = {01F8F09B-CDE7-4D76-9681-33D4762B9166}
		{42464D7C-D33E-4017-98EE-5159A74E8FC6} = {01F8F09B-CDE7-4D76-9681-33D4762B9166}
		{A1F006F8-AFBB-4C6B-99CF-EB28A7A9B5CF} = {01F8F09B-CDE7-4D76-9681-33D4762B9166}
		{8386D881-4D2B-4E8F-9CAC-0E9387436FAF} = {337CC79B-F37A-4DFE-BE08-D91331A44241}
		{FD35466C-36E7-47F4-A907-670AC4A4642E} = {337CC79B-F37A-4DFE-BE08-D91331A44241}
		{26841E2E-DA67-401B-B057-35011E29D51D} = {337CC79B-F37A-4DFE-BE08-D91331A44241}
	EndGlobalSection
EndGlobal
